
Microsoft Visual Studio Solution File, Format Version 12.00
# Visual Studio Version 17
VisualStudioVersion = 17.7.34031.279
MinimumVisualStudioVersion = 10.0.40219.1
Project("{FAE04EC0-301F-11D3-BF4B-00C04F79EFBC}") = "Buba", "Buba\Buba.csproj", "{2D73EE99-2371-483C-BA4E-C540FE02768F}"
EndProject
Global
	GlobalSection(SolutionConfigurationPlatforms) = preSolution
		Debug|Any CPU = Debug|Any CPU
		Release|Any CPU = Release|Any CPU
	EndGlobalSection
	GlobalSection(ProjectConfigurationPlatforms) = postSolution
		{2D73EE99-2371-483C-BA4E-C540FE02768F}.Debug|Any CPU.ActiveCfg = Debug|Any CPU
		{2D73EE99-2371-483C-BA4E-C540FE02768F}.Debug|Any CPU.Build.0 = Debug|Any CPU
		{2D73EE99-2371-483C-BA4E-C540FE02768F}.Release|Any CPU.ActiveCfg = Release|Any CPU
		{2D73EE99-2371-483C-BA4E-C540FE02768F}.Release|Any CPU.Build.0 = Release|Any CPU
	EndGlobalSection
	GlobalSection(SolutionProperties) = preSolution
		HideSolutionNode = FALSE
	EndGlobalSection
	GlobalSection(ExtensibilityGlobals) = postSolution
		SolutionGuid = {DC9213A4-C153-41DD-95BD-426AFFD3535B}
	EndGlobalSection
EndGlobal
